{
  "name": "markdown-doc-converter",
  "version": "1.0.0",
  "lockfileVersion": 3,
  "requires": true,
  "packages": {
    "": {
      "name": "markdown-doc-converter",
      "version": "1.0.0",
      "license": "MIT",
      "dependencies": {
        "citty": "^0.1.4",
        "lodash": "^4.17.21"
      }
    },
    "node_modules/citty": {
      "version": "0.1.4",
      "resolved": "https://registry.npmjs.org/citty/-/citty-0.1.4.tgz",
      "integrity": "sha512-Q3bK1huLxzQrvj7hImJ7Z1vKYJRPQCDnd0EjXfHMidcjecGOMuLrmuQmtWmFkuKLcMThlGh1yCKG8IEc6VeNXQ==",
      "dependencies": {
        "consola": "^3.2.3"
      }
    },
    "node_modules/consola": {
      "version": "3.2.3",
      "resolved": "https://registry.npmjs.org/consola/-/consola-3.2.3.tgz",
      "integrity": "sha512-I5qxpzLv+sJhTVEoLYNcTW+bThDCPsit0vLNKShZx6rLtpilNpmmeTPaeqJb9ZE9dV3DGaeby6Vuhrw38WjeyQ==",
      "engines": {
        "node": "^14.18.0 || >=16.10.0"
      }
    },
    "node_modules/lodash": {
      "version": "4.17.21",
      "resolved": "https://registry.npmjs.org/lodash/-/lodash-4.17.21.tgz",
      "integrity": "sha512-v2kDEe57lecTulaDIuNTPy3Ry4gLGJ6Z1O3vE1krgXZNrsQ+LFTGHVxVjcXPs17LhbZVGedAJv8XZ1tvj5FvSg=="
    }
  }
}
